
Microsoft Visual Studio Solution File, Format Version 12.00
# Visual Studio 14
VisualStudioVersion = 14.0.25420.1
MinimumVisualStudioVersion = 10.0.40219.1
Project("{8BC9CEB8-8B4A-11D0-8D11-00A0C91BC942}") = "top-dbs algorithms", "Con_APSP algorithm\Con_APSP algorithm.vcxproj", "{8862A044-0D20-4EF4-B1A4-A1C1CE73E010}"
EndProject
Global
	GlobalSection(SolutionConfigurationPlatforms) = preSolution
		Debug|x64 = Debug|x64
		Debug|x86 = Debug|x86
		my config|x64 = my config|x64
		my config|x86 = my config|x86
		Release|x64 = Release|x64
		Release|x86 = Release|x86
	EndGlobalSection
	GlobalSection(ProjectConfigurationPlatforms) = postSolution
		{8862A044-0D20-4EF4-B1A4-A1C1CE73E010}.Debug|x64.ActiveCfg = Debug|x64
		{8862A044-0D20-4EF4-B1A4-A1C1CE73E010}.Debug|x64.Build.0 = Debug|x64
		{8862A044-0D20-4EF4-B1A4-A1C1CE73E010}.Debug|x86.ActiveCfg = Debug|Win32
		{8862A044-0D20-4EF4-B1A4-A1C1CE73E010}.Debug|x86.Build.0 = Debug|Win32
		{8862A044-0D20-4EF4-B1A4-A1C1CE73E010}.my config|x64.ActiveCfg = my config|x64
		{8862A044-0D20-4EF4-B1A4-A1C1CE73E010}.my config|x64.Build.0 = my config|x64
		{8862A044-0D20-4EF4-B1A4-A1C1CE73E010}.my config|x86.ActiveCfg = my config|Win32
		{8862A044-0D20-4EF4-B1A4-A1C1CE73E010}.my config|x86.Build.0 = my config|Win32
		{8862A044-0D20-4EF4-B1A4-A1C1CE73E010}.Release|x64.ActiveCfg = Release|x64
		{8862A044-0D20-4EF4-B1A4-A1C1CE73E010}.Release|x64.Build.0 = Release|x64
		{8862A044-0D20-4EF4-B1A4-A1C1CE73E010}.Release|x86.ActiveCfg = Release|Win32
		{8862A044-0D20-4EF4-B1A4-A1C1CE73E010}.Release|x86.Build.0 = Release|Win32
	EndGlobalSection
	GlobalSection(SolutionProperties) = preSolution
		HideSolutionNode = FALSE
	EndGlobalSection
EndGlobal
